# THIS IS AN AUTOGENERATED FILE. DO NOT EDIT THIS FILE DIRECTLY.
# yarn lockfile v1
bluebird:
  version "3.4.6"
  resolved "https://registry.yarnpkg.com/bluebird/-/bluebird-3.4.6.tgz#01da8d821d87813d158967e743d5fe6c62cf8c0f"

cookie@0.1.0:
  version "0.1.0"
  resolved "https://registry.yarnpkg.com/cookie/-/cookie-0.1.0.tgz#90eb469ddce905c866de687efc43131d8801f9d0"

dotenv:
  version "2.0.0"
  resolved "https://registry.yarnpkg.com/dotenv/-/dotenv-2.0.0.tgz#bd759c357aaa70365e01c96b7b0bec08a6e0d949"

json-stringify-safe@^5.0.1:
  version "5.0.1"
  resolved "https://registry.yarnpkg.com/json-stringify-safe/-/json-stringify-safe-5.0.1.tgz#1296a2d58fd45f19a0f6ce01d65701e2c735b6eb"

lsmod@1.0.0:
  version "1.0.0"
  resolved "https://registry.yarnpkg.com/lsmod/-/lsmod-1.0.0.tgz#9a00f76dca36eb23fa05350afe1b585d4299e64b"

node-uuid@~1.4.1:
  version "1.4.7"
  resolved "https://registry.yarnpkg.com/node-uuid/-/node-uuid-1.4.7.tgz#6da5a17668c4b3dd59623bda11cf7fa4c1f60a6f"

raven:
  version "0.12.1"
  resolved "https://registry.yarnpkg.com/raven/-/raven-0.12.1.tgz#dad6b485e85bfac8f9af5fbb4c7a0d7c8350fbc7"
  dependencies:
    cookie "0.1.0"
    json-stringify-safe "^5.0.1"
    lsmod "1.0.0"
    node-uuid "~1.4.1"
    stack-trace "0.0.7"

stack-trace@0.0.7:
  version "0.0.7"
  resolved "https://registry.yarnpkg.com/stack-trace/-/stack-trace-0.0.7.tgz#c72e089744fc3659f508cdce3621af5634ec0fff"

typescript:
  version "2.0.6"
  resolved "https://registry.yarnpkg.com/typescript/-/typescript-2.0.6.tgz#5385499ac9811508c2c43e0ea07a1ddca435e111"

